
Microsoft Visual Studio Solution File, Format Version 12.00
# Visual Studio Version 16
VisualStudioVersion = 16.0.31605.320
MinimumVisualStudioVersion = 10.0.40219.1
Project("{FAE04EC0-301F-11D3-BF4B-00C04F79EFBC}") = "Painter", "Painter\Painter.csproj", "{56592411-1AB7-4FC3-9765-FE819F6CB0A8}"
EndProject
Global
	GlobalSection(SolutionConfigurationPlatforms) = preSolution
		Debug|Any CPU = Debug|Any CPU
		Release|Any CPU = Release|Any CPU
	EndGlobalSection
	GlobalSection(ProjectConfigurationPlatforms) = postSolution
		{56592411-1AB7-4FC3-9765-FE819F6CB0A8}.Debug|Any CPU.ActiveCfg = Debug|Any CPU
		{56592411-1AB7-4FC3-9765-FE819F6CB0A8}.Debug|Any CPU.Build.0 = Debug|Any CPU
		{56592411-1AB7-4FC3-9765-FE819F6CB0A8}.Release|Any CPU.ActiveCfg = Release|Any CPU
		{56592411-1AB7-4FC3-9765-FE819F6CB0A8}.Release|Any CPU.Build.0 = Release|Any CPU
	EndGlobalSection
	GlobalSection(SolutionProperties) = preSolution
		HideSolutionNode = FALSE
	EndGlobalSection
	GlobalSection(ExtensibilityGlobals) = postSolution
		SolutionGuid = {97271CD2-7523-41BB-AE9D-A8AC468C89D9}
	EndGlobalSection
EndGlobal
